
Microsoft Visual Studio Solution File, Format Version 12.00
# Visual Studio 15
VisualStudioVersion = 15.0.28010.2046
MinimumVisualStudioVersion = 10.0.40219.1
Project("{FAE04EC0-301F-11D3-BF4B-00C04F79EFBC}") = "SnowLeopard", "SnowLeopard\SnowLeopard.csproj", "{F979410B-A9A6-465B-8169-D60FE0DC3A95}"
EndProject
Project("{FAE04EC0-301F-11D3-BF4B-00C04F79EFBC}") = "SnowLeopard.Bussiness", "SnowLeopard.Bussiness\SnowLeopard.Bussiness.csproj", "{823E1FA6-E191-401A-9E1C-5AD904CC9652}"
EndProject
Global
	GlobalSection(SolutionConfigurationPlatforms) = preSolution
		Debug|Any CPU = Debug|Any CPU
		Release|Any CPU = Release|Any CPU
	EndGlobalSection
	GlobalSection(ProjectConfigurationPlatforms) = postSolution
		{F979410B-A9A6-465B-8169-D60FE0DC3A95}.Debug|Any CPU.ActiveCfg = Debug|Any CPU
		{F979410B-A9A6-465B-8169-D60FE0DC3A95}.Debug|Any CPU.Build.0 = Debug|Any CPU
		{F979410B-A9A6-465B-8169-D60FE0DC3A95}.Release|Any CPU.ActiveCfg = Release|Any CPU
		{F979410B-A9A6-465B-8169-D60FE0DC3A95}.Release|Any CPU.Build.0 = Release|Any CPU
		{823E1FA6-E191-401A-9E1C-5AD904CC9652}.Debug|Any CPU.ActiveCfg = Debug|Any CPU
		{823E1FA6-E191-401A-9E1C-5AD904CC9652}.Debug|Any CPU.Build.0 = Debug|Any CPU
		{823E1FA6-E191-401A-9E1C-5AD904CC9652}.Release|Any CPU.ActiveCfg = Release|Any CPU
		{823E1FA6-E191-401A-9E1C-5AD904CC9652}.Release|Any CPU.Build.0 = Release|Any CPU
	EndGlobalSection
	GlobalSection(SolutionProperties) = preSolution
		HideSolutionNode = FALSE
	EndGlobalSection
	GlobalSection(ExtensibilityGlobals) = postSolution
		SolutionGuid = {4C116F1B-7315-474C-8CD6-AC91CC5C2EDC}
	EndGlobalSection
EndGlobal
